{
    "_meta": {
        "hash": {
            "sha256": "d9dcb14068a3efffd595621c06326eb38c8a86aa0b2a0c35cd843defb52bf77c"
        },
        "host-environment-markers": {
            "implementation_name": "cpython",
            "implementation_version": "3.6.8",
            "os_name": "posix",
            "platform_machine": "x86_64",
            "platform_python_implementation": "CPython",
            "platform_release": "18.7.0",
            "platform_system": "Darwin",
            "platform_version": "Darwin Kernel Version 18.7.0: Sat Oct 12 00:02:19 PDT 2019; root:xnu-4903.278.12~1/RELEASE_X86_64",
            "python_full_version": "3.6.8",
            "python_version": "3.6",
            "sys_platform": "darwin"
        },
        "pipfile-spec": 6,
        "requires": {
            "python_version": "3.6"
        },
        "sources": [
            {
                "name": "pypi",
                "url": "https://pypi.python.org/simple",
                "verify_ssl": true
            }
        ]
    },
    "default": {
        "antlr4-python3-runtime": {
            "hashes": [
                "sha256:168cdcec8fb9152e84a87ca6fd261b3d54c8f6358f42ab3b813b14a7193bb50b"
            ],
            "version": "==4.7.2"
        },
        "argparse": {
            "hashes": [
                "sha256:c31647edb69fd3d465a847ea3157d37bed1f95f19760b11a47aa91c04b666314",
                "sha256:62b089a55be1d8949cd2bc7e0df0bddb9e028faefc8c32038cc84862aefdd6e4"
            ],
            "version": "==1.4.0"
        },
        "decorator": {
            "hashes": [
                "sha256:5d19b92a3c8f7f101c8dd86afd86b0f061a8ce4540ab8cd401fa2542756bce6d",
                "sha256:54c38050039232e1db4ad7375cfce6748d7b41c29e95a081c8a6d2c30364a2ce"
            ],
            "version": "==4.4.1"
        },
        "graphviz": {
            "hashes": [
                "sha256:241fb099e32b8e8c2acca747211c8237e40c0b89f24b1622860075d59f4c4b25",
                "sha256:60acbeee346e8c14555821eab57dbf68a169e6c10bce40e83c1bf44f63a62a01"
            ],
            "version": "==0.13.2"
        },
        "networkx": {
            "hashes": [
                "sha256:cdfbf698749a5014bf2ed9db4a07a5295df1d3a53bf80bf3cbd61edf9df05fa1",
                "sha256:f8f4ff0b6f96e4f9b16af6b84622597b5334bf9cae8cf9b2e42e7985d5c95c64"
            ],
            "version": "==2.4"
        }
    },
    "develop": {}
}
